
Microsoft Visual Studio Solution File, Format Version 12.00
# Visual Studio 2012
Project("{FAE04EC0-301F-11D3-BF4B-00C04F79EFBC}") = "AngularJsDateTimeTest", "AngularJsDateTimeTest\AngularJsDateTimeTest.csproj", "{24F75D5F-EE53-4F4D-87BC-3C67F713AE15}"
EndProject
Global
	GlobalSection(SolutionConfigurationPlatforms) = preSolution
		Debug|Any CPU = Debug|Any CPU
		Release|Any CPU = Release|Any CPU
	EndGlobalSection
	GlobalSection(ProjectConfigurationPlatforms) = postSolution
		{24F75D5F-EE53-4F4D-87BC-3C67F713AE15}.Debug|Any CPU.ActiveCfg = Debug|Any CPU
		{24F75D5F-EE53-4F4D-87BC-3C67F713AE15}.Debug|Any CPU.Build.0 = Debug|Any CPU
		{24F75D5F-EE53-4F4D-87BC-3C67F713AE15}.Release|Any CPU.ActiveCfg = Release|Any CPU
		{24F75D5F-EE53-4F4D-87BC-3C67F713AE15}.Release|Any CPU.Build.0 = Release|Any CPU
	EndGlobalSection
	GlobalSection(SolutionProperties) = preSolution
		HideSolutionNode = FALSE
	EndGlobalSection
EndGlobal
